// !$*UTF8*$!
{
	archiveVersion = 1;
	classes = {
	};
	objectVersion = 77;
	objects = {

/* Begin PBXContainerItemProxy section */
		3BAA5C242FF2D7FD00788B6F /* PBXContainerItemProxy */ = {
			isa = PBXContainerItemProxy;
			containerPortal = 3BAA5C092FF2D7FC00788B6F /* Project object */;
			proxyType = 1;
			remoteGlobalIDString = 3BAA5C102FF2D7FC00788B6F;
			remoteInfo = FractalAlmanac;
		};
		3BAA5C2E2FF2D7FD00788B6F /* PBXContainerItemProxy */ = {
			isa = PBXContainerItemProxy;
			containerPortal = 3BAA5C092FF2D7FC00788B6F /* Project object */;
			proxyType = 1;
			remoteGlobalIDString = 3BAA5C102FF2D7FC00788B6F;
			remoteInfo = FractalAlmanac;
		};
/* End PBXContainerItemProxy section */

/* Begin PBXFileReference section */
		3BAA5C112FF2D7FC00788B6F /* FractalAlmanac.app */ = {isa = PBXFileReference; explicitFileType = wrapper.application; includeInIndex = 0; path = FractalAlmanac.app; sourceTree = BUILT_PRODUCTS_DIR; };
		3BAA5C232FF2D7FD00788B6F /* FractalAlmanacTests.xctest */ = {isa = PBXFileReference; explicitFileType = wrapper.cfbundle; includeInIndex = 0; path = FractalAlmanacTests.xctest; sourceTree = BUILT_PRODUCTS_DIR; };
		3BAA5C2D2FF2D7FD00788B6F /* FractalAlmanacUITests.xctest */ = {isa = PBXFileReference; explicitFileType = wrapper.cfbundle; includeInIndex = 0; path = FractalAlmanacUITests.xctest; sourceTree = BUILT_PRODUCTS_DIR; };
/* End PBXFileReference section */

/* Begin PBXFileSystemSynchronizedBuildFileExceptionSet section */
		3BAA5C412FF2DBA800788B6F /* Exceptions for "FractalAlmanac" folder in "FractalAlmanac" target */ = {
			isa = PBXFileSystemSynchronizedBuildFileExceptionSet;
			membershipExceptions = (
				Info.plist,
			);
			target = 3BAA5C102FF2D7FC00788B6F /* FractalAlmanac */;
		};
/* End PBXFileSystemSynchronizedBuildFileExceptionSet section */

/* Begin PBXFileSystemSynchronizedRootGroup section */
		3BAA5C132FF2D7FC00788B6F /* FractalAlmanac */ = {
			isa = PBXFileSystemSynchronizedRootGroup;
			exceptions = (
				3BAA5C412FF2DBA800788B6F /* Exceptions for "FractalAlmanac" folder in "FractalAlmanac" target */,
			);
			path = FractalAlmanac;
			sourceTree = "<group>";
		};
		3BAA5C262FF2D7FD00788B6F /* FractalAlmanacTests */ = {
			isa = PBXFileSystemSynchronizedRootGroup;
			path = FractalAlmanacTests;
			sourceTree = "<group>";
		};
		3BAA5C302FF2D7FD00788B6F /* FractalAlmanacUITests */ = {
			isa = PBXFileSystemSynchronizedRootGroup;
			path = FractalAlmanacUITests;
			sourceTree = "<group>";
		};
/* End PBXFileSystemSynchronizedRootGroup section */

/* Begin PBXFrameworksBuildPhase section */
		3BAA5C0E2FF2D7FC00788B6F /* Frameworks */ = {
			isa = PBXFrameworksBuildPhase;
			buildActionMask = 2147483647;
			files = (
			);
			runOnlyForDeploymentPostprocessing = 0;
		};
		3BAA5C202FF2D7FD00788B6F /* Frameworks */ = {
			isa = PBXFrameworksBuildPhase;
			buildActionMask = 2147483647;
			files = (
			);
			runOnlyForDeploymentPostprocessing = 0;
		};
		3BAA5C2A2FF2D7FD00788B6F /* Frameworks */ = {
			isa = PBXFrameworksBuildPhase;
			buildActionMask = 2147483647;
			files = (
			);
			runOnlyForDeploymentPostprocessing = 0;
		};
/* End PBXFrameworksBuildPhase section */

/* Begin PBXGroup section */
		3BAA5C082FF2D7FC00788B6F = {
			isa = PBXGroup;
			children = (
				3BAA5C132FF2D7FC00788B6F /* FractalAlmanac */,
				3BAA5C262FF2D7FD00788B6F /* FractalAlmanacTests */,
				3BAA5C302FF2D7FD00788B6F /* FractalAlmanacUITests */,
				3BAA5C122FF2D7FC00788B6F /* Products */,
			);
			sourceTree = "<group>";
		};
		3BAA5C122FF2D7FC00788B6F /* Products */ = {
			isa = PBXGroup;
			children = (
				3BAA5C112FF2D7FC00788B6F /* FractalAlmanac.app */,
				3BAA5C232FF2D7FD00788B6F /* FractalAlmanacTests.xctest */,
				3BAA5C2D2FF2D7FD00788B6F /* FractalAlmanacUITests.xctest */,
			);
			name = Products;
			sourceTree = "<group>";
		};
/* End PBXGroup section */

/* Begin PBXNativeTarget section */
		3BAA5C102FF2D7FC00788B6F /* FractalAlmanac */ = {
			isa = PBXNativeTarget;
			buildConfigurationList = 3BAA5C372FF2D7FD00788B6F /* Build configuration list for PBXNativeTarget "FractalAlmanac" */;
			buildPhases = (
				3BAA5C0D2FF2D7FC00788B6F /* Sources */,
				3BAA5C0E2FF2D7FC00788B6F /* Frameworks */,
				3BAA5C0F2FF2D7FC00788B6F /* Resources */,
			);
			buildRules = (
			);
			dependencies = (
			);
			fileSystemSynchronizedGroups = (
				3BAA5C132FF2D7FC00788B6F /* FractalAlmanac */,
			);
			name = FractalAlmanac;
			packageProductDependencies = (
			);
			productName = FractalAlmanac;
			productReference = 3BAA5C112FF2D7FC00788B6F /* FractalAlmanac.app */;
			productType = "com.apple.product-type.application";
		};
		3BAA5C222FF2D7FD00788B6F /* FractalAlmanacTests */ = {
			isa = PBXNativeTarget;
			buildConfigurationList = 3BAA5C3A2FF2D7FD00788B6F /* Build configuration list for PBXNativeTarget "FractalAlmanacTests" */;
			buildPhases = (
				3BAA5C1F2FF2D7FD00788B6F /* Sources */,
				3BAA5C202FF2D7FD00788B6F /* Frameworks */,
				3BAA5C212FF2D7FD00788B6F /* Resources */,
			);
			buildRules = (
			);
			dependencies = (
				3BAA5C252FF2D7FD00788B6F /* PBXTargetDependency */,
			);
			fileSystemSynchronizedGroups = (
				3BAA5C262FF2D7FD00788B6F /* FractalAlmanacTests */,
			);
			name = FractalAlmanacTests;
			packageProductDependencies = (
			);
			productName = FractalAlmanacTests;
			productReference = 3BAA5C232FF2D7FD00788B6F /* FractalAlmanacTests.xctest */;
			productType = "com.apple.product-type.bundle.unit-test";
		};
		3BAA5C2C2FF2D7FD00788B6F /* FractalAlmanacUITests */ = {
			isa = PBXNativeTarget;
			buildConfigurationList = 3BAA5C3D2FF2D7FD00788B6F /* Build configuration list for PBXNativeTarget "FractalAlmanacUITests" */;
			buildPhases = (
				3BAA5C292FF2D7FD00788B6F /* Sources */,
				3BAA5C2A2FF2D7FD00788B6F /* Frameworks */,
				3BAA5C2B2FF2D7FD00788B6F /* Resources */,
			);
			buildRules = (
			);
			dependencies = (
				3BAA5C2F2FF2D7FD00788B6F /* PBXTargetDependency */,
			);
			fileSystemSynchronizedGroups = (
				3BAA5C302FF2D7FD00788B6F /* FractalAlmanacUITests */,
			);
			name = FractalAlmanacUITests;
			packageProductDependencies = (
			);
			productName = FractalAlmanacUITests;
			productReference = 3BAA5C2D2FF2D7FD00788B6F /* FractalAlmanacUITests.xctest */;
			productType = "com.apple.product-type.bundle.ui-testing";
		};
/* End PBXNativeTarget section */

/* Begin PBXProject section */
		3BAA5C092FF2D7FC00788B6F /* Project object */ = {
			isa = PBXProject;
			attributes = {
				BuildIndependentTargetsInParallel = 1;
				LastSwiftUpdateCheck = 2660;
				LastUpgradeCheck = 2660;
				TargetAttributes = {
					3BAA5C102FF2D7FC00788B6F = {
						CreatedOnToolsVersion = 26.6;
					};
					3BAA5C222FF2D7FD00788B6F = {
						CreatedOnToolsVersion = 26.6;
						TestTargetID = 3BAA5C102FF2D7FC00788B6F;
					};
					3BAA5C2C2FF2D7FD00788B6F = {
						CreatedOnToolsVersion = 26.6;
						TestTargetID = 3BAA5C102FF2D7FC00788B6F;
					};
				};
			};
			buildConfigurationList = 3BAA5C0C2FF2D7FC00788B6F /* Build configuration list for PBXProject "FractalAlmanac" */;
			developmentRegion = en;
			hasScannedForEncodings = 0;
			knownRegions = (
				en,
				Base,
			);
			mainGroup = 3BAA5C082FF2D7FC00788B6F;
			minimizedProjectReferenceProxies = 1;
			preferredProjectObjectVersion = 77;
			productRefGroup = 3BAA5C122FF2D7FC00788B6F /* Products */;
			projectDirPath = "";
			projectRoot = "";
			targets = (
				3BAA5C102FF2D7FC00788B6F /* FractalAlmanac */,
				3BAA5C222FF2D7FD00788B6F /* FractalAlmanacTests */,
				3BAA5C2C2FF2D7FD00788B6F /* FractalAlmanacUITests */,
			);
		};
/* End PBXProject section */

/* Begin PBXResourcesBuildPhase section */
		3BAA5C0F2FF2D7FC00788B6F /* Resources */ = {
			isa = PBXResourcesBuildPhase;
			buildActionMask = 2147483647;
			files = (
			);
			runOnlyForDeploymentPostprocessing = 0;
		};
		3BAA5C212FF2D7FD00788B6F /* Resources */ = {
			isa = PBXResourcesBuildPhase;
			buildActionMask = 2147483647;
			files = (
			);
			runOnlyForDeploymentPostprocessing = 0;
		};
		3BAA5C2B2FF2D7FD00788B6F /* Resources */ = {
			isa = PBXResourcesBuildPhase;
			buildActionMask = 2147483647;
			files = (
			);
			runOnlyForDeploymentPostprocessing = 0;
		};
/* End PBXResourcesBuildPhase section */

/* Begin PBXSourcesBuildPhase section */
		3BAA5C0D2FF2D7FC00788B6F /* Sources */ = {
			isa = PBXSourcesBuildPhase;
			buildActionMask = 2147483647;
			files = (
			);
			runOnlyForDeploymentPostprocessing = 0;
		};
		3BAA5C1F2FF2D7FD00788B6F /* Sources */ = {
			isa = PBXSourcesBuildPhase;
			buildActionMask = 2147483647;
			files = (
			);
			runOnlyForDeploymentPostprocessing = 0;
		};
		3BAA5C292FF2D7FD00788B6F /* Sources */ = {
			isa = PBXSourcesBuildPhase;
			buildActionMask = 2147483647;
			files = (
			);
			runOnlyForDeploymentPostprocessing = 0;
		};
/* End PBXSourcesBuildPhase section */

/* Begin PBXTargetDependency section */
		3BAA5C252FF2D7FD00788B6F /* PBXTargetDependency */ = {
			isa = PBXTargetDependency;
			target = 3BAA5C102FF2D7FC00788B6F /* FractalAlmanac */;
			targetProxy = 3BAA5C242FF2D7FD00788B6F /* PBXContainerItemProxy */;
		};
		3BAA5C2F2FF2D7FD00788B6F /* PBXTargetDependency */ = {
			isa = PBXTargetDependency;
			target = 3BAA5C102FF2D7FC00788B6F /* FractalAlmanac */;
			targetProxy = 3BAA5C2E2FF2D7FD00788B6F /* PBXContainerItemProxy */;
		};
/* End PBXTargetDependency section */

/* Begin XCBuildConfiguration section */
		3BAA5C352FF2D7FD00788B6F /* Debug */ = {
			isa = XCBuildConfiguration;
			buildSettings = {
				ALWAYS_SEARCH_USER_PATHS = NO;
				ASSETCATALOG_COMPILER_GENERATE_SWIFT_ASSET_SYMBOL_EXTENSIONS = YES;
				CLANG_ANALYZER_NONNULL = YES;
				CLANG_ANALYZER_NUMBER_OBJECT_CONVERSION = YES_AGGRESSIVE;
				CLANG_CXX_LANGUAGE_STANDARD = "gnu++20";
				CLANG_ENABLE_MODULES = YES;
				CLANG_ENABLE_OBJC_ARC = YES;
				CLANG_ENABLE_OBJC_WEAK = YES;
				CLANG_WARN_BLOCK_CAPTURE_AUTORELEASING = YES;
				CLANG_WARN_BOOL_CONVERSION = YES;
				CLANG_WARN_COMMA = YES;
				CLANG_WARN_CONSTANT_CONVERSION = YES;
				CLANG_WARN_DEPRECATED_OBJC_IMPLEMENTATIONS = YES;
				CLANG_WARN_DIRECT_OBJC_ISA_USAGE = YES_ERROR;
				CLANG_WARN_DOCUMENTATION_COMMENTS = YES;
				CLANG_WARN_EMPTY_BODY = YES;
				CLANG_WARN_ENUM_CONVERSION = YES;
				CLANG_WARN_INFINITE_RECURSION = YES;
				CLANG_WARN_INT_CONVERSION = YES;
				CLANG_WARN_NON_LITERAL_NULL_CONVERSION = YES;
				CLANG_WARN_OBJC_IMPLICIT_RETAIN_SELF = YES;
				CLANG_WARN_OBJC_LITERAL_CONVERSION = YES;
				CLANG_WARN_OBJC_ROOT_CLASS = YES_ERROR;
				CLANG_WARN_QUOTED_INCLUDE_IN_FRAMEWORK_HEADER = YES;
				CLANG_WARN_RANGE_LOOP_ANALYSIS = YES;
				CLANG_WARN_STRICT_PROTOTYPES = YES;
				CLANG_WARN_SUSPICIOUS_MOVE = YES;
				CLANG_WARN_UNGUARDED_AVAILABILITY = YES_AGGRESSIVE;
				CLANG_WARN_UNREACHABLE_CODE = YES;
				CLANG_WARN__DUPLICATE_METHOD_MATCH = YES;
				COPY_PHASE_STRIP = NO;
				DEBUG_INFORMATION_FORMAT = dwarf;
				DEVELOPMENT_TEAM = 9643CQ524U;
				ENABLE_STRICT_OBJC_MSGSEND = YES;
				ENABLE_TESTABILITY = YES;
				ENABLE_USER_SCRIPT_SANDBOXING = YES;
				GCC_C_LANGUAGE_STANDARD = gnu17;
				GCC_DYNAMIC_NO_PIC = NO;
				GCC_NO_COMMON_BLOCKS = YES;
				GCC_OPTIMIZATION_LEVEL = 0;
				GCC_PREPROCESSOR_DEFINITIONS = (
					"DEBUG=1",
					"$(inherited)",
				);
				GCC_WARN_64_TO_32_BIT_CONVERSION = YES;
				GCC_WARN_ABOUT_RETURN_TYPE = YES_ERROR;
				GCC_WARN_UNDECLARED_SELECTOR = YES;
				GCC_WARN_UNINITIALIZED_AUTOS = YES_AGGRESSIVE;
				GCC_WARN_UNUSED_FUNCTION = YES;
				GCC_WARN_UNUSED_VARIABLE = YES;
				IPHONEOS_DEPLOYMENT_TARGET = 26.5;
				LOCALIZATION_PREFERS_STRING_CATALOGS = YES;
				MTL_ENABLE_DEBUG_INFO = INCLUDE_SOURCE;
				MTL_FAST_MATH = YES;
				ONLY_ACTIVE_ARCH = YES;
				SDKROOT = iphoneos;
				SWIFT_ACTIVE_COMPILATION_CONDITIONS = "DEBUG $(inherited)";
				SWIFT_OPTIMIZATION_LEVEL = "-Onone";
			};
			name = Debug;
		};
		3BAA5C362FF2D7FD00788B6F /* Release */ = {
			isa = XCBuildConfiguration;
			buildSettings = {
				ALWAYS_SEARCH_USER_PATHS = NO;
				ASSETCATALOG_COMPILER_GENERATE_SWIFT_ASSET_SYMBOL_EXTENSIONS = YES;
				CLANG_ANALYZER_NONNULL = YES;
				CLANG_ANALYZER_NUMBER_OBJECT_CONVERSION = YES_AGGRESSIVE;
				CLANG_CXX_LANGUAGE_STANDARD = "gnu++20";
				CLANG_ENABLE_MODULES = YES;
				CLANG_ENABLE_OBJC_ARC = YES;
				CLANG_ENABLE_OBJC_WEAK = YES;
				CLANG_WARN_BLOCK_CAPTURE_AUTORELEASING = YES;
				CLANG_WARN_BOOL_CONVERSION = YES;
				CLANG_WARN_COMMA = YES;
				CLANG_WARN_CONSTANT_CONVERSION = YES;
				CLANG_WARN_DEPRECATED_OBJC_IMPLEMENTATIONS = YES;
				CLANG_WARN_DIRECT_OBJC_ISA_USAGE = YES_ERROR;
				CLANG_WARN_DOCUMENTATION_COMMENTS = YES;
				CLANG_WARN_EMPTY_BODY = YES;
				CLANG_WARN_ENUM_CONVERSION = YES;
				CLANG_WARN_INFINITE_RECURSION = YES;
				CLANG_WARN_INT_CONVERSION = YES;
				CLANG_WARN_NON_LITERAL_NULL_CONVERSION = YES;
				CLANG_WARN_OBJC_IMPLICIT_RETAIN_SELF = YES;
				CLANG_WARN_OBJC_LITERAL_CONVERSION = YES;
				CLANG_WARN_OBJC_ROOT_CLASS = YES_ERROR;
				CLANG_WARN_QUOTED_INCLUDE_IN_FRAMEWORK_HEADER = YES;
				CLANG_WARN_RANGE_LOOP_ANALYSIS = YES;
				CLANG_WARN_STRICT_PROTOTYPES = YES;
				CLANG_WARN_SUSPICIOUS_MOVE = YES;
				CLANG_WARN_UNGUARDED_AVAILABILITY = YES_AGGRESSIVE;
				CLANG_WARN_UNREACHABLE_CODE = YES;
				CLANG_WARN__DUPLICATE_METHOD_MATCH = YES;
				COPY_PHASE_STRIP = NO;
				DEBUG_INFORMATION_FORMAT = "dwarf-with-dsym";
				DEVELOPMENT_TEAM = 9643CQ524U;
				ENABLE_NS_ASSERTIONS = NO;
				ENABLE_STRICT_OBJC_MSGSEND = YES;
				ENABLE_USER_SCRIPT_SANDBOXING = YES;
				GCC_C_LANGUAGE_STANDARD = gnu17;
				GCC_NO_COMMON_BLOCKS = YES;
				GCC_WARN_64_TO_32_BIT_CONVERSION = YES;
				GCC_WARN_ABOUT_RETURN_TYPE = YES_ERROR;
				GCC_WARN_UNDECLARED_SELECTOR = YES;
				GCC_WARN_UNINITIALIZED_AUTOS = YES_AGGRESSIVE;
				GCC_WARN_UNUSED_FUNCTION = YES;
				GCC_WARN_UNUSED_VARIABLE = YES;
				IPHONEOS_DEPLOYMENT_TARGET = 26.5;
				LOCALIZATION_PREFERS_STRING_CATALOGS = YES;
				MTL_ENABLE_DEBUG_INFO = NO;
				MTL_FAST_MATH = YES;
				SDKROOT = iphoneos;
				SWIFT_COMPILATION_MODE = wholemodule;
				VALIDATE_PRODUCT = YES;
			};
			name = Release;
		};
		3BAA5C382FF2D7FD00788B6F /* Debug */ = {
			isa = XCBuildConfiguration;
			buildSettings = {
				ASSETCATALOG_COMPILER_APPICON_NAME = AppIcon;
				ASSETCATALOG_COMPILER_GLOBAL_ACCENT_COLOR_NAME = AccentColor;
				CODE_SIGN_STYLE = Automatic;
				CURRENT_PROJECT_VERSION = 1;
				DEVELOPMENT_TEAM = 9643CQ524U;
				ENABLE_PREVIEWS = YES;
				GENERATE_INFOPLIST_FILE = YES;
				INFOPLIST_FILE = FractalAlmanac/Info.plist;
				INFOPLIST_KEY_CFBundleDisplayName = "Fractal Almanac";
				INFOPLIST_KEY_LSApplicationCategoryType = "public.app-category.graphics-design";
				INFOPLIST_KEY_NSPhotoLibraryAddUsageDescription = "Save fractal images to your local Photo Library";
				INFOPLIST_KEY_UIApplicationSupportsIndirectInputEvents = YES;
				INFOPLIST_KEY_UILaunchStoryboardName = LaunchScreen;
				INFOPLIST_KEY_UISupportedInterfaceOrientations_iPad = "UIInterfaceOrientationPortrait UIInterfaceOrientationPortraitUpsideDown UIInterfaceOrientationLandscapeLeft UIInterfaceOrientationLandscapeRight";
				INFOPLIST_KEY_UISupportedInterfaceOrientations_iPhone = "UIInterfaceOrientationPortrait UIInterfaceOrientationLandscapeLeft UIInterfaceOrientationLandscapeRight";
				LD_RUNPATH_SEARCH_PATHS = (
					"$(inherited)",
					"@executable_path/Frameworks",
				);
				MARKETING_VERSION = 3.0;
				MTL_FAST_MATH = NO;
				MTL_MATH_MODE = SAFE;
				PRODUCT_BUNDLE_IDENTIFIER = org.mcstoufer.FractalAlmanac;
				PRODUCT_NAME = "$(TARGET_NAME)";
				STRING_CATALOG_GENERATE_SYMBOLS = YES;
				SUPPORTED_PLATFORMS = "iphoneos iphonesimulator";
				SUPPORTS_MACCATALYST = NO;
				SWIFT_APPROACHABLE_CONCURRENCY = YES;
				SWIFT_DEFAULT_ACTOR_ISOLATION = MainActor;
				SWIFT_EMIT_LOC_STRINGS = YES;
				SWIFT_UPCOMING_FEATURE_MEMBER_IMPORT_VISIBILITY = YES;
				SWIFT_VERSION = 5.0;
				TARGETED_DEVICE_FAMILY = 2;
			};
			name = Debug;
		};
		3BAA5C392FF2D7FD00788B6F /* Release */ = {
			isa = XCBuildConfiguration;
			buildSettings = {
				ASSETCATALOG_COMPILER_APPICON_NAME = AppIcon;
				ASSETCATALOG_COMPILER_GLOBAL_ACCENT_COLOR_NAME = AccentColor;
				CODE_SIGN_STYLE = Automatic;
				CURRENT_PROJECT_VERSION = 1;
				DEVELOPMENT_TEAM = 9643CQ524U;
				ENABLE_PREVIEWS = YES;
				GENERATE_INFOPLIST_FILE = YES;
				INFOPLIST_FILE = FractalAlmanac/Info.plist;
				INFOPLIST_KEY_CFBundleDisplayName = "Fractal Almanac";
				INFOPLIST_KEY_LSApplicationCategoryType = "public.app-category.graphics-design";
				INFOPLIST_KEY_NSPhotoLibraryAddUsageDescription = "Save fractal images to your local Photo Library";
				INFOPLIST_KEY_UIApplicationSupportsIndirectInputEvents = YES;
				INFOPLIST_KEY_UILaunchStoryboardName = LaunchScreen;
				INFOPLIST_KEY_UISupportedInterfaceOrientations_iPad = "UIInterfaceOrientationPortrait UIInterfaceOrientationPortraitUpsideDown UIInterfaceOrientationLandscapeLeft UIInterfaceOrientationLandscapeRight";
				INFOPLIST_KEY_UISupportedInterfaceOrientations_iPhone = "UIInterfaceOrientationPortrait UIInterfaceOrientationLandscapeLeft UIInterfaceOrientationLandscapeRight";
				LD_RUNPATH_SEARCH_PATHS = (
					"$(inherited)",
					"@executable_path/Frameworks",
				);
				MARKETING_VERSION = 3.0;
				MTL_FAST_MATH = NO;
				MTL_MATH_MODE = SAFE;
				PRODUCT_BUNDLE_IDENTIFIER = org.mcstoufer.FractalAlmanac;
				PRODUCT_NAME = "$(TARGET_NAME)";
				STRING_CATALOG_GENERATE_SYMBOLS = YES;
				SUPPORTED_PLATFORMS = "iphoneos iphonesimulator";
				SUPPORTS_MACCATALYST = NO;
				SWIFT_APPROACHABLE_CONCURRENCY = YES;
				SWIFT_DEFAULT_ACTOR_ISOLATION = MainActor;
				SWIFT_EMIT_LOC_STRINGS = YES;
				SWIFT_UPCOMING_FEATURE_MEMBER_IMPORT_VISIBILITY = YES;
				SWIFT_VERSION = 5.0;
				TARGETED_DEVICE_FAMILY = 2;
			};
			name = Release;
		};
		3BAA5C3B2FF2D7FD00788B6F /* Debug */ = {
			isa = XCBuildConfiguration;
			buildSettings = {
				BUNDLE_LOADER = "$(TEST_HOST)";
				CODE_SIGN_STYLE = Automatic;
				CURRENT_PROJECT_VERSION = 1;
				DEVELOPMENT_TEAM = 9643CQ524U;
				GENERATE_INFOPLIST_FILE = YES;
				IPHONEOS_DEPLOYMENT_TARGET = 26.5;
				MARKETING_VERSION = 1.0;
				PRODUCT_BUNDLE_IDENTIFIER = org.mcstoufer.FractalAlmanacTests;
				PRODUCT_NAME = "$(TARGET_NAME)";
				STRING_CATALOG_GENERATE_SYMBOLS = NO;
				SWIFT_APPROACHABLE_CONCURRENCY = YES;
				SWIFT_EMIT_LOC_STRINGS = NO;
				SWIFT_UPCOMING_FEATURE_MEMBER_IMPORT_VISIBILITY = YES;
				SWIFT_VERSION = 5.0;
				TARGETED_DEVICE_FAMILY = "1,2";
				TEST_HOST = "$(BUILT_PRODUCTS_DIR)/FractalAlmanac.app/$(BUNDLE_EXECUTABLE_FOLDER_PATH)/FractalAlmanac";
			};
			name = Debug;
		};
		3BAA5C3C2FF2D7FD00788B6F /* Release */ = {
			isa = XCBuildConfiguration;
			buildSettings = {
				BUNDLE_LOADER = "$(TEST_HOST)";
				CODE_SIGN_STYLE = Automatic;
				CURRENT_PROJECT_VERSION = 1;
				DEVELOPMENT_TEAM = 9643CQ524U;
				GENERATE_INFOPLIST_FILE = YES;
				IPHONEOS_DEPLOYMENT_TARGET = 26.5;
				MARKETING_VERSION = 1.0;
				PRODUCT_BUNDLE_IDENTIFIER = org.mcstoufer.FractalAlmanacTests;
				PRODUCT_NAME = "$(TARGET_NAME)";
				STRING_CATALOG_GENERATE_SYMBOLS = NO;
				SWIFT_APPROACHABLE_CONCURRENCY = YES;
				SWIFT_EMIT_LOC_STRINGS = NO;
				SWIFT_UPCOMING_FEATURE_MEMBER_IMPORT_VISIBILITY = YES;
				SWIFT_VERSION = 5.0;
				TARGETED_DEVICE_FAMILY = "1,2";
				TEST_HOST = "$(BUILT_PRODUCTS_DIR)/FractalAlmanac.app/$(BUNDLE_EXECUTABLE_FOLDER_PATH)/FractalAlmanac";
			};
			name = Release;
		};
		3BAA5C3E2FF2D7FD00788B6F /* Debug */ = {
			isa = XCBuildConfiguration;
			buildSettings = {
				CODE_SIGN_STYLE = Automatic;
				CURRENT_PROJECT_VERSION = 1;
				DEVELOPMENT_TEAM = 9643CQ524U;
				GENERATE_INFOPLIST_FILE = YES;
				MARKETING_VERSION = 1.0;
				PRODUCT_BUNDLE_IDENTIFIER = org.mcstoufer.FractalAlmanacUITests;
				PRODUCT_NAME = "$(TARGET_NAME)";
				STRING_CATALOG_GENERATE_SYMBOLS = NO;
				SWIFT_APPROACHABLE_CONCURRENCY = YES;
				SWIFT_EMIT_LOC_STRINGS = NO;
				SWIFT_UPCOMING_FEATURE_MEMBER_IMPORT_VISIBILITY = YES;
				SWIFT_VERSION = 5.0;
				TARGETED_DEVICE_FAMILY = "1,2";
				TEST_TARGET_NAME = FractalAlmanac;
			};
			name = Debug;
		};
		3BAA5C3F2FF2D7FD00788B6F /* Release */ = {
			isa = XCBuildConfiguration;
			buildSettings = {
				CODE_SIGN_STYLE = Automatic;
				CURRENT_PROJECT_VERSION = 1;
				DEVELOPMENT_TEAM = 9643CQ524U;
				GENERATE_INFOPLIST_FILE = YES;
				MARKETING_VERSION = 1.0;
				PRODUCT_BUNDLE_IDENTIFIER = org.mcstoufer.FractalAlmanacUITests;
				PRODUCT_NAME = "$(TARGET_NAME)";
				STRING_CATALOG_GENERATE_SYMBOLS = NO;
				SWIFT_APPROACHABLE_CONCURRENCY = YES;
				SWIFT_EMIT_LOC_STRINGS = NO;
				SWIFT_UPCOMING_FEATURE_MEMBER_IMPORT_VISIBILITY = YES;
				SWIFT_VERSION = 5.0;
				TARGETED_DEVICE_FAMILY = "1,2";
				TEST_TARGET_NAME = FractalAlmanac;
			};
			name = Release;
		};
/* End XCBuildConfiguration section */

/* Begin XCConfigurationList section */
		3BAA5C0C2FF2D7FC00788B6F /* Build configuration list for PBXProject "FractalAlmanac" */ = {
			isa = XCConfigurationList;
			buildConfigurations = (
				3BAA5C352FF2D7FD00788B6F /* Debug */,
				3BAA5C362FF2D7FD00788B6F /* Release */,
			);
			defaultConfigurationIsVisible = 0;
			defaultConfigurationName = Release;
		};
		3BAA5C372FF2D7FD00788B6F /* Build configuration list for PBXNativeTarget "FractalAlmanac" */ = {
			isa = XCConfigurationList;
			buildConfigurations = (
				3BAA5C382FF2D7FD00788B6F /* Debug */,
				3BAA5C392FF2D7FD00788B6F /* Release */,
			);
			defaultConfigurationIsVisible = 0;
			defaultConfigurationName = Release;
		};
		3BAA5C3A2FF2D7FD00788B6F /* Build configuration list for PBXNativeTarget "FractalAlmanacTests" */ = {
			isa = XCConfigurationList;
			buildConfigurations = (
				3BAA5C3B2FF2D7FD00788B6F /* Debug */,
				3BAA5C3C2FF2D7FD00788B6F /* Release */,
			);
			defaultConfigurationIsVisible = 0;
			defaultConfigurationName = Release;
		};
		3BAA5C3D2FF2D7FD00788B6F /* Build configuration list for PBXNativeTarget "FractalAlmanacUITests" */ = {
			isa = XCConfigurationList;
			buildConfigurations = (
				3BAA5C3E2FF2D7FD00788B6F /* Debug */,
				3BAA5C3F2FF2D7FD00788B6F /* Release */,
			);
			defaultConfigurationIsVisible = 0;
			defaultConfigurationName = Release;
		};
/* End XCConfigurationList section */
	};
	rootObject = 3BAA5C092FF2D7FC00788B6F /* Project object */;
}
